
Microsoft Visual Studio Solution File, Format Version 12.00
# Visual Studio Version 17
VisualStudioVersion = 17.5.002.0
MinimumVisualStudioVersion = 10.0.40219.1
Project("{9A19103F-16F7-4668-BE54-9A1E7A4F7556}") = "maxsociety", "maxsociety.csproj", "{7F28E79F-53AC-4EE0-8240-0121333F5891}"
EndProject
Global
	GlobalSection(SolutionConfigurationPlatforms) = preSolution
		Debug|Any CPU = Debug|Any CPU
		Release|Any CPU = Release|Any CPU
	EndGlobalSection
	GlobalSection(ProjectConfigurationPlatforms) = postSolution
		{7F28E79F-53AC-4EE0-8240-0121333F5891}.Debug|Any CPU.ActiveCfg = Debug|Any CPU
		{7F28E79F-53AC-4EE0-8240-0121333F5891}.Debug|Any CPU.Build.0 = Debug|Any CPU
		{7F28E79F-53AC-4EE0-8240-0121333F5891}.Release|Any CPU.ActiveCfg = Release|Any CPU
		{7F28E79F-53AC-4EE0-8240-0121333F5891}.Release|Any CPU.Build.0 = Release|Any CPU
	EndGlobalSection
	GlobalSection(SolutionProperties) = preSolution
		HideSolutionNode = FALSE
	EndGlobalSection
	GlobalSection(ExtensibilityGlobals) = postSolution
		SolutionGuid = {B101CC50-81AC-4661-98C5-59B647FCBD3F}
	EndGlobalSection
EndGlobal
